// !$*UTF8*$!
{
	archiveVersion = 1;
	classes = {
	};
	objectVersion = 50;
	objects = {

/* Begin PBXBuildFile section */
		058557BB273AAA24004C7B11 /* Assets.xcassets in Resources */ = {isa = PBXBuildFile; fileRef = 058557BA273AAA24004C7B11 /* Assets.xcassets */; };
		058557D9273AAEEB004C7B11 /* Preview Assets.xcassets in Resources */ = {isa = PBXBuildFile; fileRef = 058557D8273AAEEB004C7B11 /* Preview Assets.xcassets */; };
		2152FB042600AC8F00CF470E /* iOSApp.swift in Sources */ = {isa = PBXBuildFile; fileRef = 2152FB032600AC8F00CF470E /* iOSApp.swift */; };
		7555FF83242A565900829871 /* ContentView.swift in Sources */ = {isa = PBXBuildFile; fileRef = 7555FF82242A565900829871 /* ContentView.swift */; };
		C71907A32A2504990099C7D1 /* IosLoginViewModel.swift in Sources */ = {isa = PBXBuildFile; fileRef = C71907A22A2504990099C7D1 /* IosLoginViewModel.swift */; };
		C71907A52A2504C00099C7D1 /* LoginScreen.swift in Sources */ = {isa = PBXBuildFile; fileRef = C71907A42A2504C00099C7D1 /* LoginScreen.swift */; };
		C71907A82A2504E80099C7D1 /* LandingUseCasesModule.swift in Sources */ = {isa = PBXBuildFile; fileRef = C71907A72A2504E80099C7D1 /* LandingUseCasesModule.swift */; };
		C71907AB2A2505420099C7D1 /* LoginHeader.swift in Sources */ = {isa = PBXBuildFile; fileRef = C71907AA2A2505420099C7D1 /* LoginHeader.swift */; };
		C71907AE2A2505DB0099C7D1 /* DefaultTextField.swift in Sources */ = {isa = PBXBuildFile; fileRef = C71907AD2A2505DB0099C7D1 /* DefaultTextField.swift */; };
		C71907B02A2505F10099C7D1 /* PasswordTextField.swift in Sources */ = {isa = PBXBuildFile; fileRef = C71907AF2A2505F10099C7D1 /* PasswordTextField.swift */; };
		C73069AD2A4CA1730013EC5B /* OtpTextField.swift in Sources */ = {isa = PBXBuildFile; fileRef = C73069AC2A4CA1730013EC5B /* OtpTextField.swift */; };
		C73069AF2A4CBE720013EC5B /* StringExtension.swift in Sources */ = {isa = PBXBuildFile; fileRef = C73069AE2A4CBE720013EC5B /* StringExtension.swift */; };
		C7417F592A4B70BF002538C9 /* VerifyOtpScreen.swift in Sources */ = {isa = PBXBuildFile; fileRef = C7417F582A4B70BF002538C9 /* VerifyOtpScreen.swift */; };
		C7417F5B2A4B70CA002538C9 /* IosVerifyOtpViewModel.swift in Sources */ = {isa = PBXBuildFile; fileRef = C7417F5A2A4B70CA002538C9 /* IosVerifyOtpViewModel.swift */; };
		C7BD4D3B2A2DA7E100060DE0 /* RegisterScreen.swift in Sources */ = {isa = PBXBuildFile; fileRef = C7BD4D3A2A2DA7E100060DE0 /* RegisterScreen.swift */; };
		C7BD4D3D2A2DA7EB00060DE0 /* IosRegisterViewModel.swift in Sources */ = {isa = PBXBuildFile; fileRef = C7BD4D3C2A2DA7EB00060DE0 /* IosRegisterViewModel.swift */; };
		C7BD4D3F2A2DAA7400060DE0 /* TitleLessHeader.swift in Sources */ = {isa = PBXBuildFile; fileRef = C7BD4D3E2A2DAA7400060DE0 /* TitleLessHeader.swift */; };
		C7BD4D412A2DAE0D00060DE0 /* Inter-Bold.ttf in Resources */ = {isa = PBXBuildFile; fileRef = C7BD4D402A2DAE0C00060DE0 /* Inter-Bold.ttf */; };
		C7BD4D432A2DAF7400060DE0 /* Inter-Black.ttf in Resources */ = {isa = PBXBuildFile; fileRef = C7BD4D422A2DAF7400060DE0 /* Inter-Black.ttf */; };
		C7D283D82A22853600A9718A /* DependencyInjector.swift in Sources */ = {isa = PBXBuildFile; fileRef = C7D283D72A22853600A9718A /* DependencyInjector.swift */; };
		C7D283DD2A22858700A9718A /* Colors.swift in Sources */ = {isa = PBXBuildFile; fileRef = C7D283DC2A22858700A9718A /* Colors.swift */; };
		C7D283DF2A2287DA00A9718A /* GradientSurface.swift in Sources */ = {isa = PBXBuildFile; fileRef = C7D283DE2A2287DA00A9718A /* GradientSurface.swift */; };
		C7D283E62A22886800A9718A /* BoardingScreen.swift in Sources */ = {isa = PBXBuildFile; fileRef = C7D283E52A22886800A9718A /* BoardingScreen.swift */; };
		C7D283E92A228F4800A9718A /* RoundedCorner.swift in Sources */ = {isa = PBXBuildFile; fileRef = C7D283E82A228F4800A9718A /* RoundedCorner.swift */; };
		C7D283EB2A22922D00A9718A /* RoundedGradientSurface.swift in Sources */ = {isa = PBXBuildFile; fileRef = C7D283EA2A22922D00A9718A /* RoundedGradientSurface.swift */; };
		C7D283F62A2294CA00A9718A /* Inter-Medium.ttf in Resources */ = {isa = PBXBuildFile; fileRef = C7D283F42A2294C900A9718A /* Inter-Medium.ttf */; };
		C7D283F72A2294CA00A9718A /* Inter-Regular.ttf in Resources */ = {isa = PBXBuildFile; fileRef = C7D283F52A2294CA00A9718A /* Inter-Regular.ttf */; };
		C7D283F92A22950600A9718A /* Typography.swift in Sources */ = {isa = PBXBuildFile; fileRef = C7D283F82A22950600A9718A /* Typography.swift */; };
		C7E60C912A4BED2D00C5AB96 /* CommonHeader.swift in Sources */ = {isa = PBXBuildFile; fileRef = C7E60C902A4BED2D00C5AB96 /* CommonHeader.swift */; };
/* End PBXBuildFile section */

/* Begin PBXCopyFilesBuildPhase section */
		7555FFB4242A642300829871 /* Embed Frameworks */ = {
			isa = PBXCopyFilesBuildPhase;
			buildActionMask = 2147483647;
			dstPath = "";
			dstSubfolderSpec = 10;
			files = (
			);
			name = "Embed Frameworks";
			runOnlyForDeploymentPostprocessing = 0;
		};
/* End PBXCopyFilesBuildPhase section */

/* Begin PBXFileReference section */
		058557BA273AAA24004C7B11 /* Assets.xcassets */ = {isa = PBXFileReference; lastKnownFileType = folder.assetcatalog; path = Assets.xcassets; sourceTree = "<group>"; };
		058557D8273AAEEB004C7B11 /* Preview Assets.xcassets */ = {isa = PBXFileReference; lastKnownFileType = folder.assetcatalog; path = "Preview Assets.xcassets"; sourceTree = "<group>"; };
		2152FB032600AC8F00CF470E /* iOSApp.swift */ = {isa = PBXFileReference; lastKnownFileType = sourcecode.swift; path = iOSApp.swift; sourceTree = "<group>"; };
		7555FF7B242A565900829871 /* iosApp.app */ = {isa = PBXFileReference; explicitFileType = wrapper.application; includeInIndex = 0; path = iosApp.app; sourceTree = BUILT_PRODUCTS_DIR; };
		7555FF82242A565900829871 /* ContentView.swift */ = {isa = PBXFileReference; lastKnownFileType = sourcecode.swift; path = ContentView.swift; sourceTree = "<group>"; };
		7555FF8C242A565B00829871 /* Info.plist */ = {isa = PBXFileReference; lastKnownFileType = text.plist.xml; path = Info.plist; sourceTree = "<group>"; };
		C71907A22A2504990099C7D1 /* IosLoginViewModel.swift */ = {isa = PBXFileReference; lastKnownFileType = sourcecode.swift; path = IosLoginViewModel.swift; sourceTree = "<group>"; };
		C71907A42A2504C00099C7D1 /* LoginScreen.swift */ = {isa = PBXFileReference; lastKnownFileType = sourcecode.swift; path = LoginScreen.swift; sourceTree = "<group>"; };
		C71907A72A2504E80099C7D1 /* LandingUseCasesModule.swift */ = {isa = PBXFileReference; lastKnownFileType = sourcecode.swift; path = LandingUseCasesModule.swift; sourceTree = "<group>"; };
		C71907AA2A2505420099C7D1 /* LoginHeader.swift */ = {isa = PBXFileReference; lastKnownFileType = sourcecode.swift; path = LoginHeader.swift; sourceTree = "<group>"; };
		C71907AD2A2505DB0099C7D1 /* DefaultTextField.swift */ = {isa = PBXFileReference; lastKnownFileType = sourcecode.swift; path = DefaultTextField.swift; sourceTree = "<group>"; };
		C71907AF2A2505F10099C7D1 /* PasswordTextField.swift */ = {isa = PBXFileReference; lastKnownFileType = sourcecode.swift; path = PasswordTextField.swift; sourceTree = "<group>"; };
		C73069AC2A4CA1730013EC5B /* OtpTextField.swift */ = {isa = PBXFileReference; lastKnownFileType = sourcecode.swift; path = OtpTextField.swift; sourceTree = "<group>"; };
		C73069AE2A4CBE720013EC5B /* StringExtension.swift */ = {isa = PBXFileReference; lastKnownFileType = sourcecode.swift; path = StringExtension.swift; sourceTree = "<group>"; };
		C7417F582A4B70BF002538C9 /* VerifyOtpScreen.swift */ = {isa = PBXFileReference; lastKnownFileType = sourcecode.swift; path = VerifyOtpScreen.swift; sourceTree = "<group>"; };
		C7417F5A2A4B70CA002538C9 /* IosVerifyOtpViewModel.swift */ = {isa = PBXFileReference; lastKnownFileType = sourcecode.swift; path = IosVerifyOtpViewModel.swift; sourceTree = "<group>"; };
		C7BD4D3A2A2DA7E100060DE0 /* RegisterScreen.swift */ = {isa = PBXFileReference; lastKnownFileType = sourcecode.swift; path = RegisterScreen.swift; sourceTree = "<group>"; };
		C7BD4D3C2A2DA7EB00060DE0 /* IosRegisterViewModel.swift */ = {isa = PBXFileReference; lastKnownFileType = sourcecode.swift; path = IosRegisterViewModel.swift; sourceTree = "<group>"; };
		C7BD4D3E2A2DAA7400060DE0 /* TitleLessHeader.swift */ = {isa = PBXFileReference; lastKnownFileType = sourcecode.swift; path = TitleLessHeader.swift; sourceTree = "<group>"; };
		C7BD4D402A2DAE0C00060DE0 /* Inter-Bold.ttf */ = {isa = PBXFileReference; lastKnownFileType = file; path = "Inter-Bold.ttf"; sourceTree = "<group>"; };
		C7BD4D422A2DAF7400060DE0 /* Inter-Black.ttf */ = {isa = PBXFileReference; lastKnownFileType = file; path = "Inter-Black.ttf"; sourceTree = "<group>"; };
		C7D283D72A22853600A9718A /* DependencyInjector.swift */ = {isa = PBXFileReference; lastKnownFileType = sourcecode.swift; path = DependencyInjector.swift; sourceTree = "<group>"; };
		C7D283DC2A22858700A9718A /* Colors.swift */ = {isa = PBXFileReference; lastKnownFileType = sourcecode.swift; path = Colors.swift; sourceTree = "<group>"; };
		C7D283DE2A2287DA00A9718A /* GradientSurface.swift */ = {isa = PBXFileReference; lastKnownFileType = sourcecode.swift; path = GradientSurface.swift; sourceTree = "<group>"; };
		C7D283E52A22886800A9718A /* BoardingScreen.swift */ = {isa = PBXFileReference; lastKnownFileType = sourcecode.swift; path = BoardingScreen.swift; sourceTree = "<group>"; };
		C7D283E82A228F4800A9718A /* RoundedCorner.swift */ = {isa = PBXFileReference; lastKnownFileType = sourcecode.swift; path = RoundedCorner.swift; sourceTree = "<group>"; };
		C7D283EA2A22922D00A9718A /* RoundedGradientSurface.swift */ = {isa = PBXFileReference; lastKnownFileType = sourcecode.swift; path = RoundedGradientSurface.swift; sourceTree = "<group>"; };
		C7D283F42A2294C900A9718A /* Inter-Medium.ttf */ = {isa = PBXFileReference; lastKnownFileType = file; path = "Inter-Medium.ttf"; sourceTree = "<group>"; };
		C7D283F52A2294CA00A9718A /* Inter-Regular.ttf */ = {isa = PBXFileReference; lastKnownFileType = file; path = "Inter-Regular.ttf"; sourceTree = "<group>"; };
		C7D283F82A22950600A9718A /* Typography.swift */ = {isa = PBXFileReference; lastKnownFileType = sourcecode.swift; path = Typography.swift; sourceTree = "<group>"; };
		C7E60C902A4BED2D00C5AB96 /* CommonHeader.swift */ = {isa = PBXFileReference; lastKnownFileType = sourcecode.swift; path = CommonHeader.swift; sourceTree = "<group>"; };
/* End PBXFileReference section */

/* Begin PBXFrameworksBuildPhase section */
		7555FF78242A565900829871 /* Frameworks */ = {
			isa = PBXFrameworksBuildPhase;
			buildActionMask = 2147483647;
			files = (
			);
			runOnlyForDeploymentPostprocessing = 0;
		};
/* End PBXFrameworksBuildPhase section */

/* Begin PBXGroup section */
		058557D7273AAEEB004C7B11 /* Preview Content */ = {
			isa = PBXGroup;
			children = (
				058557D8273AAEEB004C7B11 /* Preview Assets.xcassets */,
			);
			path = "Preview Content";
			sourceTree = "<group>";
		};
		7555FF72242A565900829871 = {
			isa = PBXGroup;
			children = (
				7555FF7D242A565900829871 /* iosApp */,
				7555FF7C242A565900829871 /* Products */,
				7555FFB0242A642200829871 /* Frameworks */,
			);
			sourceTree = "<group>";
		};
		7555FF7C242A565900829871 /* Products */ = {
			isa = PBXGroup;
			children = (
				7555FF7B242A565900829871 /* iosApp.app */,
			);
			name = Products;
			sourceTree = "<group>";
		};
		7555FF7D242A565900829871 /* iosApp */ = {
			isa = PBXGroup;
			children = (
				C7BD4D442A2DB40500060DE0 /* Resources */,
				C7D283E12A22884D00A9718A /* di */,
				C7D283E02A22884200A9718A /* landing */,
				C7D283D92A22855D00A9718A /* core_ui */,
				C7D283D52A22850700A9718A /* core */,
				058557BA273AAA24004C7B11 /* Assets.xcassets */,
				7555FF82242A565900829871 /* ContentView.swift */,
				7555FF8C242A565B00829871 /* Info.plist */,
				2152FB032600AC8F00CF470E /* iOSApp.swift */,
				058557D7273AAEEB004C7B11 /* Preview Content */,
			);
			path = iosApp;
			sourceTree = "<group>";
		};
		7555FFB0242A642200829871 /* Frameworks */ = {
			isa = PBXGroup;
			children = (
			);
			name = Frameworks;
			sourceTree = "<group>";
		};
		C71907A62A2504DD0099C7D1 /* landing */ = {
			isa = PBXGroup;
			children = (
				C71907A72A2504E80099C7D1 /* LandingUseCasesModule.swift */,
			);
			path = landing;
			sourceTree = "<group>";
		};
		C71907A92A2505100099C7D1 /* components */ = {
			isa = PBXGroup;
			children = (
				C71907AA2A2505420099C7D1 /* LoginHeader.swift */,
			);
			path = components;
			sourceTree = "<group>";
		};
		C71907AC2A2505CA0099C7D1 /* components */ = {
			isa = PBXGroup;
			children = (
				C71907AD2A2505DB0099C7D1 /* DefaultTextField.swift */,
				C71907AF2A2505F10099C7D1 /* PasswordTextField.swift */,
			);
			path = components;
			sourceTree = "<group>";
		};
		C7417F572A4B70AC002538C9 /* verify_otp */ = {
			isa = PBXGroup;
			children = (
				C7417F5C2A4B70CE002538C9 /* components */,
				C7417F582A4B70BF002538C9 /* VerifyOtpScreen.swift */,
				C7417F5A2A4B70CA002538C9 /* IosVerifyOtpViewModel.swift */,
			);
			path = verify_otp;
			sourceTree = "<group>";
		};
		C7417F5C2A4B70CE002538C9 /* components */ = {
			isa = PBXGroup;
			children = (
				C73069AC2A4CA1730013EC5B /* OtpTextField.swift */,
			);
			path = components;
			sourceTree = "<group>";
		};
		C7BD4D382A2DA7CF00060DE0 /* register */ = {
			isa = PBXGroup;
			children = (
				C7BD4D392A2DA7D400060DE0 /* components */,
				C7BD4D3A2A2DA7E100060DE0 /* RegisterScreen.swift */,
				C7BD4D3C2A2DA7EB00060DE0 /* IosRegisterViewModel.swift */,
			);
			path = register;
			sourceTree = "<group>";
		};
		C7BD4D392A2DA7D400060DE0 /* components */ = {
			isa = PBXGroup;
			children = (
			);
			path = components;
			sourceTree = "<group>";
		};
		C7BD4D442A2DB40500060DE0 /* Resources */ = {
			isa = PBXGroup;
			children = (
				C7D283F32A2294BE00A9718A /* fonts */,
			);
			path = Resources;
			sourceTree = "<group>";
		};
		C7D283D52A22850700A9718A /* core */ = {
			isa = PBXGroup;
			children = (
				C7D283D62A22852500A9718A /* utils */,
			);
			path = core;
			sourceTree = "<group>";
		};
		C7D283D62A22852500A9718A /* utils */ = {
			isa = PBXGroup;
			children = (
				C7D283D72A22853600A9718A /* DependencyInjector.swift */,
				C73069AE2A4CBE720013EC5B /* StringExtension.swift */,
			);
			path = utils;
			sourceTree = "<group>";
		};
		C7D283D92A22855D00A9718A /* core_ui */ = {
			isa = PBXGroup;
			children = (
				C7D283DB2A22856E00A9718A /* theme */,
				C7D283DA2A22856500A9718A /* navigation */,
				C7D283E82A228F4800A9718A /* RoundedCorner.swift */,
				C7D283EA2A22922D00A9718A /* RoundedGradientSurface.swift */,
				C7BD4D3E2A2DAA7400060DE0 /* TitleLessHeader.swift */,
				C7E60C902A4BED2D00C5AB96 /* CommonHeader.swift */,
			);
			path = core_ui;
			sourceTree = "<group>";
		};
		C7D283DA2A22856500A9718A /* navigation */ = {
			isa = PBXGroup;
			children = (
			);
			path = navigation;
			sourceTree = "<group>";
		};
		C7D283DB2A22856E00A9718A /* theme */ = {
			isa = PBXGroup;
			children = (
				C7D283DC2A22858700A9718A /* Colors.swift */,
				C7D283DE2A2287DA00A9718A /* GradientSurface.swift */,
				C7D283F82A22950600A9718A /* Typography.swift */,
			);
			path = theme;
			sourceTree = "<group>";
		};
		C7D283E02A22884200A9718A /* landing */ = {
			isa = PBXGroup;
			children = (
				C7D283E22A22885100A9718A /* presentation */,
			);
			path = landing;
			sourceTree = "<group>";
		};
		C7D283E12A22884D00A9718A /* di */ = {
			isa = PBXGroup;
			children = (
				C71907A62A2504DD0099C7D1 /* landing */,
			);
			path = di;
			sourceTree = "<group>";
		};
		C7D283E22A22885100A9718A /* presentation */ = {
			isa = PBXGroup;
			children = (
				C7417F572A4B70AC002538C9 /* verify_otp */,
				C7BD4D382A2DA7CF00060DE0 /* register */,
				C71907AC2A2505CA0099C7D1 /* components */,
				C7D283E42A22885B00A9718A /* boarding */,
				C7D283E32A22885500A9718A /* login */,
			);
			path = presentation;
			sourceTree = "<group>";
		};
		C7D283E32A22885500A9718A /* login */ = {
			isa = PBXGroup;
			children = (
				C71907A92A2505100099C7D1 /* components */,
				C71907A22A2504990099C7D1 /* IosLoginViewModel.swift */,
				C71907A42A2504C00099C7D1 /* LoginScreen.swift */,
			);
			path = login;
			sourceTree = "<group>";
		};
		C7D283E42A22885B00A9718A /* boarding */ = {
			isa = PBXGroup;
			children = (
				C7D283E52A22886800A9718A /* BoardingScreen.swift */,
			);
			path = boarding;
			sourceTree = "<group>";
		};
		C7D283F32A2294BE00A9718A /* fonts */ = {
			isa = PBXGroup;
			children = (
				C7BD4D422A2DAF7400060DE0 /* Inter-Black.ttf */,
				C7BD4D402A2DAE0C00060DE0 /* Inter-Bold.ttf */,
				C7D283F42A2294C900A9718A /* Inter-Medium.ttf */,
				C7D283F52A2294CA00A9718A /* Inter-Regular.ttf */,
			);
			path = fonts;
			sourceTree = "<group>";
		};
/* End PBXGroup section */

/* Begin PBXNativeTarget section */
		7555FF7A242A565900829871 /* iosApp */ = {
			isa = PBXNativeTarget;
			buildConfigurationList = 7555FFA5242A565B00829871 /* Build configuration list for PBXNativeTarget "iosApp" */;
			buildPhases = (
				7555FFB5242A651A00829871 /* ShellScript */,
				7555FF77242A565900829871 /* Sources */,
				7555FF78242A565900829871 /* Frameworks */,
				7555FF79242A565900829871 /* Resources */,
				7555FFB4242A642300829871 /* Embed Frameworks */,
			);
			buildRules = (
			);
			dependencies = (
			);
			name = iosApp;
			productName = iosApp;
			productReference = 7555FF7B242A565900829871 /* iosApp.app */;
			productType = "com.apple.product-type.application";
		};
/* End PBXNativeTarget section */

/* Begin PBXProject section */
		7555FF73242A565900829871 /* Project object */ = {
			isa = PBXProject;
			attributes = {
				LastSwiftUpdateCheck = 1130;
				LastUpgradeCheck = 1130;
				ORGANIZATIONNAME = orgName;
				TargetAttributes = {
					7555FF7A242A565900829871 = {
						CreatedOnToolsVersion = 11.3.1;
					};
				};
			};
			buildConfigurationList = 7555FF76242A565900829871 /* Build configuration list for PBXProject "iosApp" */;
			compatibilityVersion = "Xcode 9.3";
			developmentRegion = en;
			hasScannedForEncodings = 0;
			knownRegions = (
				en,
				Base,
			);
			mainGroup = 7555FF72242A565900829871;
			productRefGroup = 7555FF7C242A565900829871 /* Products */;
			projectDirPath = "";
			projectRoot = "";
			targets = (
				7555FF7A242A565900829871 /* iosApp */,
			);
		};
/* End PBXProject section */

/* Begin PBXResourcesBuildPhase section */
		7555FF79242A565900829871 /* Resources */ = {
			isa = PBXResourcesBuildPhase;
			buildActionMask = 2147483647;
			files = (
				058557D9273AAEEB004C7B11 /* Preview Assets.xcassets in Resources */,
				C7BD4D432A2DAF7400060DE0 /* Inter-Black.ttf in Resources */,
				C7BD4D412A2DAE0D00060DE0 /* Inter-Bold.ttf in Resources */,
				058557BB273AAA24004C7B11 /* Assets.xcassets in Resources */,
				C7D283F72A2294CA00A9718A /* Inter-Regular.ttf in Resources */,
				C7D283F62A2294CA00A9718A /* Inter-Medium.ttf in Resources */,
			);
			runOnlyForDeploymentPostprocessing = 0;
		};
/* End PBXResourcesBuildPhase section */

/* Begin PBXShellScriptBuildPhase section */
		7555FFB5242A651A00829871 /* ShellScript */ = {
			isa = PBXShellScriptBuildPhase;
			buildActionMask = 2147483647;
			files = (
			);
			inputFileListPaths = (
			);
			inputPaths = (
			);
			outputFileListPaths = (
			);
			outputPaths = (
			);
			runOnlyForDeploymentPostprocessing = 0;
			shellPath = /bin/sh;
			shellScript = "cd \"$SRCROOT/..\"\n./gradlew :shared:embedAndSignAppleFrameworkForXcode\n";
		};
/* End PBXShellScriptBuildPhase section */

/* Begin PBXSourcesBuildPhase section */
		7555FF77242A565900829871 /* Sources */ = {
			isa = PBXSourcesBuildPhase;
			buildActionMask = 2147483647;
			files = (
				2152FB042600AC8F00CF470E /* iOSApp.swift in Sources */,
				C7BD4D3D2A2DA7EB00060DE0 /* IosRegisterViewModel.swift in Sources */,
				C7D283E62A22886800A9718A /* BoardingScreen.swift in Sources */,
				C71907A32A2504990099C7D1 /* IosLoginViewModel.swift in Sources */,
				C7E60C912A4BED2D00C5AB96 /* CommonHeader.swift in Sources */,
				C71907AE2A2505DB0099C7D1 /* DefaultTextField.swift in Sources */,
				C7BD4D3B2A2DA7E100060DE0 /* RegisterScreen.swift in Sources */,
				C7D283DF2A2287DA00A9718A /* GradientSurface.swift in Sources */,
				C71907B02A2505F10099C7D1 /* PasswordTextField.swift in Sources */,
				C7D283DD2A22858700A9718A /* Colors.swift in Sources */,
				C7417F5B2A4B70CA002538C9 /* IosVerifyOtpViewModel.swift in Sources */,
				C7D283D82A22853600A9718A /* DependencyInjector.swift in Sources */,
				7555FF83242A565900829871 /* ContentView.swift in Sources */,
				C7D283E92A228F4800A9718A /* RoundedCorner.swift in Sources */,
				C7D283F92A22950600A9718A /* Typography.swift in Sources */,
				C71907AB2A2505420099C7D1 /* LoginHeader.swift in Sources */,
				C71907A82A2504E80099C7D1 /* LandingUseCasesModule.swift in Sources */,
				C73069AD2A4CA1730013EC5B /* OtpTextField.swift in Sources */,
				C71907A52A2504C00099C7D1 /* LoginScreen.swift in Sources */,
				C7BD4D3F2A2DAA7400060DE0 /* TitleLessHeader.swift in Sources */,
				C7417F592A4B70BF002538C9 /* VerifyOtpScreen.swift in Sources */,
				C73069AF2A4CBE720013EC5B /* StringExtension.swift in Sources */,
				C7D283EB2A22922D00A9718A /* RoundedGradientSurface.swift in Sources */,
			);
			runOnlyForDeploymentPostprocessing = 0;
		};
/* End PBXSourcesBuildPhase section */

/* Begin XCBuildConfiguration section */
		7555FFA3242A565B00829871 /* Debug */ = {
			isa = XCBuildConfiguration;
			buildSettings = {
				ALWAYS_SEARCH_USER_PATHS = NO;
				CLANG_ANALYZER_NONNULL = YES;
				CLANG_ANALYZER_NUMBER_OBJECT_CONVERSION = YES_AGGRESSIVE;
				CLANG_CXX_LANGUAGE_STANDARD = "gnu++14";
				CLANG_CXX_LIBRARY = "libc++";
				CLANG_ENABLE_MODULES = YES;
				CLANG_ENABLE_OBJC_ARC = YES;
				CLANG_ENABLE_OBJC_WEAK = YES;
				CLANG_WARN_BLOCK_CAPTURE_AUTORELEASING = YES;
				CLANG_WARN_BOOL_CONVERSION = YES;
				CLANG_WARN_COMMA = YES;
				CLANG_WARN_CONSTANT_CONVERSION = YES;
				CLANG_WARN_DEPRECATED_OBJC_IMPLEMENTATIONS = YES;
				CLANG_WARN_DIRECT_OBJC_ISA_USAGE = YES_ERROR;
				CLANG_WARN_DOCUMENTATION_COMMENTS = YES;
				CLANG_WARN_EMPTY_BODY = YES;
				CLANG_WARN_ENUM_CONVERSION = YES;
				CLANG_WARN_INFINITE_RECURSION = YES;
				CLANG_WARN_INT_CONVERSION = YES;
				CLANG_WARN_NON_LITERAL_NULL_CONVERSION = YES;
				CLANG_WARN_OBJC_IMPLICIT_RETAIN_SELF = YES;
				CLANG_WARN_OBJC_LITERAL_CONVERSION = YES;
				CLANG_WARN_OBJC_ROOT_CLASS = YES_ERROR;
				CLANG_WARN_QUOTED_INCLUDE_IN_FRAMEWORK_HEADER = YES;
				CLANG_WARN_RANGE_LOOP_ANALYSIS = YES;
				CLANG_WARN_STRICT_PROTOTYPES = YES;
				CLANG_WARN_SUSPICIOUS_MOVE = YES;
				CLANG_WARN_UNGUARDED_AVAILABILITY = YES_AGGRESSIVE;
				CLANG_WARN_UNREACHABLE_CODE = YES;
				CLANG_WARN__DUPLICATE_METHOD_MATCH = YES;
				COPY_PHASE_STRIP = NO;
				DEBUG_INFORMATION_FORMAT = "dwarf-with-dsym";
				ENABLE_STRICT_OBJC_MSGSEND = YES;
				ENABLE_TESTABILITY = YES;
				GCC_C_LANGUAGE_STANDARD = gnu11;
				GCC_DYNAMIC_NO_PIC = NO;
				GCC_NO_COMMON_BLOCKS = YES;
				GCC_OPTIMIZATION_LEVEL = 0;
				GCC_PREPROCESSOR_DEFINITIONS = (
					"DEBUG=1",
					"$(inherited)",
				);
				GCC_WARN_64_TO_32_BIT_CONVERSION = YES;
				GCC_WARN_ABOUT_RETURN_TYPE = YES_ERROR;
				GCC_WARN_UNDECLARED_SELECTOR = YES;
				GCC_WARN_UNINITIALIZED_AUTOS = YES_AGGRESSIVE;
				GCC_WARN_UNUSED_FUNCTION = YES;
				GCC_WARN_UNUSED_VARIABLE = YES;
				IPHONEOS_DEPLOYMENT_TARGET = 14.1;
				MTL_ENABLE_DEBUG_INFO = INCLUDE_SOURCE;
				MTL_FAST_MATH = YES;
				ONLY_ACTIVE_ARCH = YES;
				SDKROOT = iphoneos;
				SWIFT_ACTIVE_COMPILATION_CONDITIONS = DEBUG;
				SWIFT_OPTIMIZATION_LEVEL = "-Onone";
			};
			name = Debug;
		};
		7555FFA4242A565B00829871 /* Release */ = {
			isa = XCBuildConfiguration;
			buildSettings = {
				ALWAYS_SEARCH_USER_PATHS = NO;
				CLANG_ANALYZER_NONNULL = YES;
				CLANG_ANALYZER_NUMBER_OBJECT_CONVERSION = YES_AGGRESSIVE;
				CLANG_CXX_LANGUAGE_STANDARD = "gnu++14";
				CLANG_CXX_LIBRARY = "libc++";
				CLANG_ENABLE_MODULES = YES;
				CLANG_ENABLE_OBJC_ARC = YES;
				CLANG_ENABLE_OBJC_WEAK = YES;
				CLANG_WARN_BLOCK_CAPTURE_AUTORELEASING = YES;
				CLANG_WARN_BOOL_CONVERSION = YES;
				CLANG_WARN_COMMA = YES;
				CLANG_WARN_CONSTANT_CONVERSION = YES;
				CLANG_WARN_DEPRECATED_OBJC_IMPLEMENTATIONS = YES;
				CLANG_WARN_DIRECT_OBJC_ISA_USAGE = YES_ERROR;
				CLANG_WARN_DOCUMENTATION_COMMENTS = YES;
				CLANG_WARN_EMPTY_BODY = YES;
				CLANG_WARN_ENUM_CONVERSION = YES;
				CLANG_WARN_INFINITE_RECURSION = YES;
				CLANG_WARN_INT_CONVERSION = YES;
				CLANG_WARN_NON_LITERAL_NULL_CONVERSION = YES;
				CLANG_WARN_OBJC_IMPLICIT_RETAIN_SELF = YES;
				CLANG_WARN_OBJC_LITERAL_CONVERSION = YES;
				CLANG_WARN_OBJC_ROOT_CLASS = YES_ERROR;
				CLANG_WARN_QUOTED_INCLUDE_IN_FRAMEWORK_HEADER = YES;
				CLANG_WARN_RANGE_LOOP_ANALYSIS = YES;
				CLANG_WARN_STRICT_PROTOTYPES = YES;
				CLANG_WARN_SUSPICIOUS_MOVE = YES;
				CLANG_WARN_UNGUARDED_AVAILABILITY = YES_AGGRESSIVE;
				CLANG_WARN_UNREACHABLE_CODE = YES;
				CLANG_WARN__DUPLICATE_METHOD_MATCH = YES;
				COPY_PHASE_STRIP = NO;
				DEBUG_INFORMATION_FORMAT = "dwarf-with-dsym";
				ENABLE_NS_ASSERTIONS = NO;
				ENABLE_STRICT_OBJC_MSGSEND = YES;
				GCC_C_LANGUAGE_STANDARD = gnu11;
				GCC_NO_COMMON_BLOCKS = YES;
				GCC_WARN_64_TO_32_BIT_CONVERSION = YES;
				GCC_WARN_ABOUT_RETURN_TYPE = YES_ERROR;
				GCC_WARN_UNDECLARED_SELECTOR = YES;
				GCC_WARN_UNINITIALIZED_AUTOS = YES_AGGRESSIVE;
				GCC_WARN_UNUSED_FUNCTION = YES;
				GCC_WARN_UNUSED_VARIABLE = YES;
				IPHONEOS_DEPLOYMENT_TARGET = 14.1;
				MTL_ENABLE_DEBUG_INFO = NO;
				MTL_FAST_MATH = YES;
				SDKROOT = iphoneos;
				SWIFT_COMPILATION_MODE = wholemodule;
				SWIFT_OPTIMIZATION_LEVEL = "-O";
				VALIDATE_PRODUCT = YES;
			};
			name = Release;
		};
		7555FFA6242A565B00829871 /* Debug */ = {
			isa = XCBuildConfiguration;
			buildSettings = {
				ASSETCATALOG_COMPILER_APPICON_NAME = AppIcon;
				CODE_SIGN_STYLE = Automatic;
				DEVELOPMENT_ASSET_PATHS = "\"iosApp/Preview Content\"";
				ENABLE_PREVIEWS = YES;
				FRAMEWORK_SEARCH_PATHS = (
					"$(inherited)",
					"$(SRCROOT)/../shared/build/xcode-frameworks/$(CONFIGURATION)/$(SDK_NAME)",
				);
				INFOPLIST_FILE = iosApp/Info.plist;
				IPHONEOS_DEPLOYMENT_TARGET = 16.0;
				LD_RUNPATH_SEARCH_PATHS = (
					"$(inherited)",
					"@executable_path/Frameworks",
				);
				OTHER_LDFLAGS = (
					"$(inherited)",
					"-framework",
					shared,
				);
				PRODUCT_BUNDLE_IDENTIFIER = orgIdentifier.iosApp;
				PRODUCT_NAME = "$(TARGET_NAME)";
				SWIFT_VERSION = 5.0;
				TARGETED_DEVICE_FAMILY = "1,2";
			};
			name = Debug;
		};
		7555FFA7242A565B00829871 /* Release */ = {
			isa = XCBuildConfiguration;
			buildSettings = {
				ASSETCATALOG_COMPILER_APPICON_NAME = AppIcon;
				CODE_SIGN_STYLE = Automatic;
				DEVELOPMENT_ASSET_PATHS = "\"iosApp/Preview Content\"";
				ENABLE_PREVIEWS = YES;
				FRAMEWORK_SEARCH_PATHS = (
					"$(inherited)",
					"$(SRCROOT)/../shared/build/xcode-frameworks/$(CONFIGURATION)/$(SDK_NAME)",
				);
				INFOPLIST_FILE = iosApp/Info.plist;
				IPHONEOS_DEPLOYMENT_TARGET = 16.0;
				LD_RUNPATH_SEARCH_PATHS = (
					"$(inherited)",
					"@executable_path/Frameworks",
				);
				OTHER_LDFLAGS = (
					"$(inherited)",
					"-framework",
					shared,
				);
				PRODUCT_BUNDLE_IDENTIFIER = orgIdentifier.iosApp;
				PRODUCT_NAME = "$(TARGET_NAME)";
				SWIFT_VERSION = 5.0;
				TARGETED_DEVICE_FAMILY = "1,2";
			};
			name = Release;
		};
/* End XCBuildConfiguration section */

/* Begin XCConfigurationList section */
		7555FF76242A565900829871 /* Build configuration list for PBXProject "iosApp" */ = {
			isa = XCConfigurationList;
			buildConfigurations = (
				7555FFA3242A565B00829871 /* Debug */,
				7555FFA4242A565B00829871 /* Release */,
			);
			defaultConfigurationIsVisible = 0;
			defaultConfigurationName = Release;
		};
		7555FFA5242A565B00829871 /* Build configuration list for PBXNativeTarget "iosApp" */ = {
			isa = XCConfigurationList;
			buildConfigurations = (
				7555FFA6242A565B00829871 /* Debug */,
				7555FFA7242A565B00829871 /* Release */,
			);
			defaultConfigurationIsVisible = 0;
			defaultConfigurationName = Release;
		};
/* End XCConfigurationList section */
	};
	rootObject = 7555FF73242A565900829871 /* Project object */;
}
